{
  "name": "ExQuiz_Me",
  "lockfileVersion": 3,
  "requires": true,
  "packages": {
    "": {
      "dependencies": {
        "@tosspayments/payment-sdk": "^1.9.0"
      }
    },
    "node_modules/@tosspayments/payment__types": {
      "version": "1.68.0",
      "resolved": "https://registry.npmjs.org/@tosspayments/payment__types/-/payment__types-1.68.0.tgz",
      "integrity": "sha512-O6mEo7izwDP+Snk0ffENEWQBQ4l7ljT/YBzGlLP/2qtJJS/i3kALg7qUnvKsr71OrV2IEznkRW9CoSGg5DU5oQ==",
      "license": "MIT",
      "dependencies": {
        "@tosspayments/sdk-constants": "^0.2.2"
      }
    },
    "node_modules/@tosspayments/payment-sdk": {
      "version": "1.9.0",
      "resolved": "https://registry.npmjs.org/@tosspayments/payment-sdk/-/payment-sdk-1.9.0.tgz",
      "integrity": "sha512-1R9RahD37TjaaVxZ/DhkCQuH8MTh5lP7vh8Y15tNNS+zky6GP/YWbUt02xB8ESGoAPx231zbOzk1wjupUtZu0w==",
      "license": "MIT",
      "dependencies": {
        "@tosspayments/payment__types": "1.68.0"
      }
    },
    "node_modules/@tosspayments/sdk-constants": {
      "version": "0.2.2",
      "resolved": "https://registry.npmjs.org/@tosspayments/sdk-constants/-/sdk-constants-0.2.2.tgz",
      "integrity": "sha512-qTIcD9JnVtN65/yiW5sPAlvK5fpQtDluv4IEyslubncbQLQKE+ePSnGZU1fLNPxcchv6QTnwmgj9Ndm6EN/Ymg==",
      "license": "MIT",
      "dependencies": {
        "type-fest": "^2.11.2"
      }
    },
    "node_modules/type-fest": {
      "version": "2.19.0",
      "resolved": "https://registry.npmjs.org/type-fest/-/type-fest-2.19.0.tgz",
      "integrity": "sha512-RAH822pAdBgcNMAfWnCBU3CFZcfZ/i1eZjwFU/dsLKumyuuP3niueg2UAukXYF0E2AAoc82ZSSf9J0WQBinzHA==",
      "license": "(MIT OR CC0-1.0)",
      "engines": {
        "node": ">=12.20"
      },
      "funding": {
        "url": "https://github.com/sponsors/sindresorhus"
      }
    }
  }
}
